
Microsoft Visual Studio Solution File, Format Version 12.00
# Visual Studio 15
VisualStudioVersion = 15.0.27428.2015
MinimumVisualStudioVersion = 10.0.40219.1
Project("{FAE04EC0-301F-11D3-BF4B-00C04F79EFBC}") = "MillenniumERPWinForms", "MillenniumERP\MillenniumERPWinForms.csproj", "{E6B00088-0490-40B7-95B4-FB2D7C53E1C8}"
EndProject
Project("{FAE04EC0-301F-11D3-BF4B-00C04F79EFBC}") = "MillenniumERP", "..\MillenniumERPWPF\MillenniumERP\MillenniumERP.csproj", "{FB262120-371A-47F0-A14A-DAD4189FE03B}"
EndProject
Project("{F14B399A-7131-4C87-9E4B-1186C45EF12D}") = "MillenniumReports", "..\MillenniumReports\MillenniumReports\MillenniumReports.rptproj", "{476320CC-6DAD-4A49-9AAF-19D139660ECE}"
EndProject
Project("{9A19103F-16F7-4668-BE54-9A1E7A4F7556}") = "lssWebApi2", "..\lssWebApi2\lssWebApi2.csproj", "{89A91C9D-D5EC-4F18-89D1-E4A08B1B86B3}"
EndProject
Project("{9A19103F-16F7-4668-BE54-9A1E7A4F7556}") = "lssXUnitTests2", "..\lssXUnit3\lssXUnitTests2.csproj", "{668C306F-0601-4BF7-8207-4E2B37BC5340}"
	ProjectSection(ProjectDependencies) = postProject
		{89A91C9D-D5EC-4F18-89D1-E4A08B1B86B3} = {89A91C9D-D5EC-4F18-89D1-E4A08B1B86B3}
	EndProjectSection
EndProject
Project("{9A19103F-16F7-4668-BE54-9A1E7A4F7556}") = "lssAngular3", "..\lssAngular3\lssAngular3.csproj", "{8B449ABF-F803-4219-BBBD-E4AA4C14B0DE}"
EndProject
Project("{00D1A9C2-B5F0-4AF3-8072-F6C62B433612}") = "lssDatabase", "lssDatabase\lssDatabase.sqlproj", "{46DB8E61-F5F7-41DD-BBAC-1C441A707F15}"
EndProject
Project("{F5034706-568F-408A-B7B3-4D38C6DB8A32}") = "PowerShellProject", "..\PowerShellProject\PowerShellProject\PowerShellProject.pssproj", "{6CAFC0C6-A428-4D30-A9F9-700E829FEA51}"
EndProject
Project("{FAE04EC0-301F-11D3-BF4B-00C04F79EFBC}") = "ConsoleApp1", "..\consolePattern\ConsoleApp1\ConsoleApp1.csproj", "{7CCDB026-BC85-43CF-834E-56D5E48EF27E}"
EndProject
Global
	GlobalSection(SolutionConfigurationPlatforms) = preSolution
		Debug|Any CPU = Debug|Any CPU
		DebugLocal|Any CPU = DebugLocal|Any CPU
		Release|Any CPU = Release|Any CPU
	EndGlobalSection
	GlobalSection(ProjectConfigurationPlatforms) = postSolution
		{E6B00088-0490-40B7-95B4-FB2D7C53E1C8}.Debug|Any CPU.ActiveCfg = Debug|Any CPU
		{E6B00088-0490-40B7-95B4-FB2D7C53E1C8}.Debug|Any CPU.Build.0 = Debug|Any CPU
		{E6B00088-0490-40B7-95B4-FB2D7C53E1C8}.DebugLocal|Any CPU.ActiveCfg = Debug|Any CPU
		{E6B00088-0490-40B7-95B4-FB2D7C53E1C8}.DebugLocal|Any CPU.Build.0 = Debug|Any CPU
		{E6B00088-0490-40B7-95B4-FB2D7C53E1C8}.Release|Any CPU.ActiveCfg = Release|Any CPU
		{E6B00088-0490-40B7-95B4-FB2D7C53E1C8}.Release|Any CPU.Build.0 = Release|Any CPU
		{FB262120-371A-47F0-A14A-DAD4189FE03B}.Debug|Any CPU.ActiveCfg = Debug|Any CPU
		{FB262120-371A-47F0-A14A-DAD4189FE03B}.Debug|Any CPU.Build.0 = Debug|Any CPU
		{FB262120-371A-47F0-A14A-DAD4189FE03B}.DebugLocal|Any CPU.ActiveCfg = Debug|Any CPU
		{FB262120-371A-47F0-A14A-DAD4189FE03B}.DebugLocal|Any CPU.Build.0 = Debug|Any CPU
		{FB262120-371A-47F0-A14A-DAD4189FE03B}.Release|Any CPU.ActiveCfg = Release|Any CPU
		{FB262120-371A-47F0-A14A-DAD4189FE03B}.Release|Any CPU.Build.0 = Release|Any CPU
		{476320CC-6DAD-4A49-9AAF-19D139660ECE}.Debug|Any CPU.ActiveCfg = Debug
		{476320CC-6DAD-4A49-9AAF-19D139660ECE}.Debug|Any CPU.Build.0 = Debug
		{476320CC-6DAD-4A49-9AAF-19D139660ECE}.Debug|Any CPU.Deploy.0 = Debug
		{476320CC-6DAD-4A49-9AAF-19D139660ECE}.DebugLocal|Any CPU.ActiveCfg = DebugLocal
		{476320CC-6DAD-4A49-9AAF-19D139660ECE}.DebugLocal|Any CPU.Build.0 = DebugLocal
		{476320CC-6DAD-4A49-9AAF-19D139660ECE}.DebugLocal|Any CPU.Deploy.0 = DebugLocal
		{476320CC-6DAD-4A49-9AAF-19D139660ECE}.Release|Any CPU.ActiveCfg = Release
		{476320CC-6DAD-4A49-9AAF-19D139660ECE}.Release|Any CPU.Build.0 = Release
		{476320CC-6DAD-4A49-9AAF-19D139660ECE}.Release|Any CPU.Deploy.0 = Release
		{89A91C9D-D5EC-4F18-89D1-E4A08B1B86B3}.Debug|Any CPU.ActiveCfg = Debug|Any CPU
		{89A91C9D-D5EC-4F18-89D1-E4A08B1B86B3}.Debug|Any CPU.Build.0 = Debug|Any CPU
		{89A91C9D-D5EC-4F18-89D1-E4A08B1B86B3}.DebugLocal|Any CPU.ActiveCfg = Debug|Any CPU
		{89A91C9D-D5EC-4F18-89D1-E4A08B1B86B3}.DebugLocal|Any CPU.Build.0 = Debug|Any CPU
		{89A91C9D-D5EC-4F18-89D1-E4A08B1B86B3}.Release|Any CPU.ActiveCfg = Release|Any CPU
		{89A91C9D-D5EC-4F18-89D1-E4A08B1B86B3}.Release|Any CPU.Build.0 = Release|Any CPU
		{668C306F-0601-4BF7-8207-4E2B37BC5340}.Debug|Any CPU.ActiveCfg = Debug|Any CPU
		{668C306F-0601-4BF7-8207-4E2B37BC5340}.Debug|Any CPU.Build.0 = Debug|Any CPU
		{668C306F-0601-4BF7-8207-4E2B37BC5340}.DebugLocal|Any CPU.ActiveCfg = Debug|Any CPU
		{668C306F-0601-4BF7-8207-4E2B37BC5340}.DebugLocal|Any CPU.Build.0 = Debug|Any CPU
		{668C306F-0601-4BF7-8207-4E2B37BC5340}.Release|Any CPU.ActiveCfg = Release|Any CPU
		{668C306F-0601-4BF7-8207-4E2B37BC5340}.Release|Any CPU.Build.0 = Release|Any CPU
		{8B449ABF-F803-4219-BBBD-E4AA4C14B0DE}.Debug|Any CPU.ActiveCfg = Debug|Any CPU
		{8B449ABF-F803-4219-BBBD-E4AA4C14B0DE}.Debug|Any CPU.Build.0 = Debug|Any CPU
		{8B449ABF-F803-4219-BBBD-E4AA4C14B0DE}.DebugLocal|Any CPU.ActiveCfg = Debug|Any CPU
		{8B449ABF-F803-4219-BBBD-E4AA4C14B0DE}.DebugLocal|Any CPU.Build.0 = Debug|Any CPU
		{8B449ABF-F803-4219-BBBD-E4AA4C14B0DE}.Release|Any CPU.ActiveCfg = Release|Any CPU
		{8B449ABF-F803-4219-BBBD-E4AA4C14B0DE}.Release|Any CPU.Build.0 = Release|Any CPU
		{46DB8E61-F5F7-41DD-BBAC-1C441A707F15}.Debug|Any CPU.ActiveCfg = Debug|Any CPU
		{46DB8E61-F5F7-41DD-BBAC-1C441A707F15}.Debug|Any CPU.Build.0 = Debug|Any CPU
		{46DB8E61-F5F7-41DD-BBAC-1C441A707F15}.Debug|Any CPU.Deploy.0 = Debug|Any CPU
		{46DB8E61-F5F7-41DD-BBAC-1C441A707F15}.DebugLocal|Any CPU.ActiveCfg = Debug|Any CPU
		{46DB8E61-F5F7-41DD-BBAC-1C441A707F15}.DebugLocal|Any CPU.Build.0 = Debug|Any CPU
		{46DB8E61-F5F7-41DD-BBAC-1C441A707F15}.DebugLocal|Any CPU.Deploy.0 = Debug|Any CPU
		{46DB8E61-F5F7-41DD-BBAC-1C441A707F15}.Release|Any CPU.ActiveCfg = Release|Any CPU
		{46DB8E61-F5F7-41DD-BBAC-1C441A707F15}.Release|Any CPU.Build.0 = Release|Any CPU
		{46DB8E61-F5F7-41DD-BBAC-1C441A707F15}.Release|Any CPU.Deploy.0 = Release|Any CPU
		{6CAFC0C6-A428-4D30-A9F9-700E829FEA51}.Debug|Any CPU.ActiveCfg = Debug|Any CPU
		{6CAFC0C6-A428-4D30-A9F9-700E829FEA51}.Debug|Any CPU.Build.0 = Debug|Any CPU
		{6CAFC0C6-A428-4D30-A9F9-700E829FEA51}.DebugLocal|Any CPU.ActiveCfg = Debug|Any CPU
		{6CAFC0C6-A428-4D30-A9F9-700E829FEA51}.DebugLocal|Any CPU.Build.0 = Debug|Any CPU
		{6CAFC0C6-A428-4D30-A9F9-700E829FEA51}.Release|Any CPU.ActiveCfg = Release|Any CPU
		{6CAFC0C6-A428-4D30-A9F9-700E829FEA51}.Release|Any CPU.Build.0 = Release|Any CPU
		{7CCDB026-BC85-43CF-834E-56D5E48EF27E}.Debug|Any CPU.ActiveCfg = Debug|Any CPU
		{7CCDB026-BC85-43CF-834E-56D5E48EF27E}.Debug|Any CPU.Build.0 = Debug|Any CPU
		{7CCDB026-BC85-43CF-834E-56D5E48EF27E}.DebugLocal|Any CPU.ActiveCfg = Debug|Any CPU
		{7CCDB026-BC85-43CF-834E-56D5E48EF27E}.DebugLocal|Any CPU.Build.0 = Debug|Any CPU
		{7CCDB026-BC85-43CF-834E-56D5E48EF27E}.Release|Any CPU.ActiveCfg = Release|Any CPU
		{7CCDB026-BC85-43CF-834E-56D5E48EF27E}.Release|Any CPU.Build.0 = Release|Any CPU
	EndGlobalSection
	GlobalSection(SolutionProperties) = preSolution
		HideSolutionNode = FALSE
	EndGlobalSection
	GlobalSection(ExtensibilityGlobals) = postSolution
		SolutionGuid = {1277309D-1986-475F-A53C-85C291D505F7}
	EndGlobalSection
EndGlobal
